// !$*UTF8*$!
{
	archiveVersion = 1;
	classes = {
	};
	objectVersion = 46;
	objects = {

/* Begin PBXBuildFile section */
		7D1A2D5D159B1A1A001EC2EF /* UIKit.framework in Frameworks */ = {isa = PBXBuildFile; fileRef = 7D1A2D5C159B1A1A001EC2EF /* UIKit.framework */; };
		7D1A2D5F159B1A1A001EC2EF /* Foundation.framework in Frameworks */ = {isa = PBXBuildFile; fileRef = 7D1A2D5E159B1A1A001EC2EF /* Foundation.framework */; };
		7D1A2D61159B1A1A001EC2EF /* CoreGraphics.framework in Frameworks */ = {isa = PBXBuildFile; fileRef = 7D1A2D60159B1A1A001EC2EF /* CoreGraphics.framework */; };
		7D1A2D67159B1A1A001EC2EF /* InfoPlist.strings in Resources */ = {isa = PBXBuildFile; fileRef = 7D1A2D65159B1A1A001EC2EF /* InfoPlist.strings */; };
		7D1A2D69159B1A1B001EC2EF /* main.m in Sources */ = {isa = PBXBuildFile; fileRef = 7D1A2D68159B1A1B001EC2EF /* main.m */; };
		7D1A2D6D159B1A1B001EC2EF /* AppDelegate.m in Sources */ = {isa = PBXBuildFile; fileRef = 7D1A2D6C159B1A1B001EC2EF /* AppDelegate.m */; };
		7D1A2D70159B1A1B001EC2EF /* MainStoryboard.storyboard in Resources */ = {isa = PBXBuildFile; fileRef = 7D1A2D6E159B1A1B001EC2EF /* MainStoryboard.storyboard */; };
		7D1A2D73159B1A1B001EC2EF /* ViewController.m in Sources */ = {isa = PBXBuildFile; fileRef = 7D1A2D72159B1A1B001EC2EF /* ViewController.m */; };
		7D1A2D7C159B2B02001EC2EF /* CalendarFunctions.m in Sources */ = {isa = PBXBuildFile; fileRef = 7D1A2D7B159B2B02001EC2EF /* CalendarFunctions.m */; };
/* End PBXBuildFile section */

/* Begin PBXFileReference section */
		7D1A2D58159B1A1A001EC2EF /* MyCalendar.app */ = {isa = PBXFileReference; explicitFileType = wrapper.application; includeInIndex = 0; path = MyCalendar.app; sourceTree = BUILT_PRODUCTS_DIR; };
		7D1A2D5C159B1A1A001EC2EF /* UIKit.framework */ = {isa = PBXFileReference; lastKnownFileType = wrapper.framework; name = UIKit.framework; path = System/Library/Frameworks/UIKit.framework; sourceTree = SDKROOT; };
		7D1A2D5E159B1A1A001EC2EF /* Foundation.framework */ = {isa = PBXFileReference; lastKnownFileType = wrapper.framework; name = Foundation.framework; path = System/Library/Frameworks/Foundation.framework; sourceTree = SDKROOT; };
		7D1A2D60159B1A1A001EC2EF /* CoreGraphics.framework */ = {isa = PBXFileReference; lastKnownFileType = wrapper.framework; name = CoreGraphics.framework; path = System/Library/Frameworks/CoreGraphics.framework; sourceTree = SDKROOT; };
		7D1A2D64159B1A1A001EC2EF /* MyCalendar-Info.plist */ = {isa = PBXFileReference; lastKnownFileType = text.plist.xml; path = "MyCalendar-Info.plist"; sourceTree = "<group>"; };
		7D1A2D66159B1A1A001EC2EF /* en */ = {isa = PBXFileReference; lastKnownFileType = text.plist.strings; name = en; path = en.lproj/InfoPlist.strings; sourceTree = "<group>"; };
		7D1A2D68159B1A1B001EC2EF /* main.m */ = {isa = PBXFileReference; lastKnownFileType = sourcecode.c.objc; path = main.m; sourceTree = "<group>"; };
		7D1A2D6A159B1A1B001EC2EF /* MyCalendar-Prefix.pch */ = {isa = PBXFileReference; lastKnownFileType = sourcecode.c.h; path = "MyCalendar-Prefix.pch"; sourceTree = "<group>"; };
		7D1A2D6B159B1A1B001EC2EF /* AppDelegate.h */ = {isa = PBXFileReference; lastKnownFileType = sourcecode.c.h; path = AppDelegate.h; sourceTree = "<group>"; };
		7D1A2D6C159B1A1B001EC2EF /* AppDelegate.m */ = {isa = PBXFileReference; lastKnownFileType = sourcecode.c.objc; path = AppDelegate.m; sourceTree = "<group>"; };
		7D1A2D6F159B1A1B001EC2EF /* en */ = {isa = PBXFileReference; lastKnownFileType = file.storyboard; name = en; path = en.lproj/MainStoryboard.storyboard; sourceTree = "<group>"; };
		7D1A2D71159B1A1B001EC2EF /* ViewController.h */ = {isa = PBXFileReference; lastKnownFileType = sourcecode.c.h; path = ViewController.h; sourceTree = "<group>"; };
		7D1A2D72159B1A1B001EC2EF /* ViewController.m */ = {isa = PBXFileReference; lastKnownFileType = sourcecode.c.objc; path = ViewController.m; sourceTree = "<group>"; };
		7D1A2D7A159B2B02001EC2EF /* CalendarFunctions.h */ = {isa = PBXFileReference; fileEncoding = 4; lastKnownFileType = sourcecode.c.h; path = CalendarFunctions.h; sourceTree = "<group>"; };
		7D1A2D7B159B2B02001EC2EF /* CalendarFunctions.m */ = {isa = PBXFileReference; fileEncoding = 4; lastKnownFileType = sourcecode.c.objc; path = CalendarFunctions.m; sourceTree = "<group>"; };
		7D1A2D7D159B2BB7001EC2EF /* Singleton.h */ = {isa = PBXFileReference; lastKnownFileType = sourcecode.c.h; path = Singleton.h; sourceTree = "<group>"; };
/* End PBXFileReference section */

/* Begin PBXFrameworksBuildPhase section */
		7D1A2D55159B1A1A001EC2EF /* Frameworks */ = {
			isa = PBXFrameworksBuildPhase;
			buildActionMask = 2147483647;
			files = (
				7D1A2D5D159B1A1A001EC2EF /* UIKit.framework in Frameworks */,
				7D1A2D5F159B1A1A001EC2EF /* Foundation.framework in Frameworks */,
				7D1A2D61159B1A1A001EC2EF /* CoreGraphics.framework in Frameworks */,
			);
			runOnlyForDeploymentPostprocessing = 0;
		};
/* End PBXFrameworksBuildPhase section */

/* Begin PBXGroup section */
		7D1A2D4D159B1A1A001EC2EF = {
			isa = PBXGroup;
			children = (
				7D1A2D62159B1A1A001EC2EF /* MyCalendar */,
				7D1A2D5B159B1A1A001EC2EF /* Frameworks */,
				7D1A2D59159B1A1A001EC2EF /* Products */,
			);
			sourceTree = "<group>";
		};
		7D1A2D59159B1A1A001EC2EF /* Products */ = {
			isa = PBXGroup;
			children = (
				7D1A2D58159B1A1A001EC2EF /* MyCalendar.app */,
			);
			name = Products;
			sourceTree = "<group>";
		};
		7D1A2D5B159B1A1A001EC2EF /* Frameworks */ = {
			isa = PBXGroup;
			children = (
				7D1A2D5C159B1A1A001EC2EF /* UIKit.framework */,
				7D1A2D5E159B1A1A001EC2EF /* Foundation.framework */,
				7D1A2D60159B1A1A001EC2EF /* CoreGraphics.framework */,
			);
			name = Frameworks;
			sourceTree = "<group>";
		};
		7D1A2D62159B1A1A001EC2EF /* MyCalendar */ = {
			isa = PBXGroup;
			children = (
				7D1A2D79159B2AAD001EC2EF /* Model */,
				7D1A2D6B159B1A1B001EC2EF /* AppDelegate.h */,
				7D1A2D6C159B1A1B001EC2EF /* AppDelegate.m */,
				7D1A2D6E159B1A1B001EC2EF /* MainStoryboard.storyboard */,
				7D1A2D71159B1A1B001EC2EF /* ViewController.h */,
				7D1A2D72159B1A1B001EC2EF /* ViewController.m */,
				7D1A2D63159B1A1A001EC2EF /* Supporting Files */,
			);
			path = MyCalendar;
			sourceTree = "<group>";
		};
		7D1A2D63159B1A1A001EC2EF /* Supporting Files */ = {
			isa = PBXGroup;
			children = (
				7D1A2D64159B1A1A001EC2EF /* MyCalendar-Info.plist */,
				7D1A2D65159B1A1A001EC2EF /* InfoPlist.strings */,
				7D1A2D68159B1A1B001EC2EF /* main.m */,
				7D1A2D6A159B1A1B001EC2EF /* MyCalendar-Prefix.pch */,
			);
			name = "Supporting Files";
			sourceTree = "<group>";
		};
		7D1A2D79159B2AAD001EC2EF /* Model */ = {
			isa = PBXGroup;
			children = (
				7D1A2D7A159B2B02001EC2EF /* CalendarFunctions.h */,
				7D1A2D7B159B2B02001EC2EF /* CalendarFunctions.m */,
				7D1A2D7D159B2BB7001EC2EF /* Singleton.h */,
			);
			name = Model;
			sourceTree = "<group>";
		};
/* End PBXGroup section */

/* Begin PBXNativeTarget section */
		7D1A2D57159B1A1A001EC2EF /* MyCalendar */ = {
			isa = PBXNativeTarget;
			buildConfigurationList = 7D1A2D76159B1A1B001EC2EF /* Build configuration list for PBXNativeTarget "MyCalendar" */;
			buildPhases = (
				7D1A2D54159B1A1A001EC2EF /* Sources */,
				7D1A2D55159B1A1A001EC2EF /* Frameworks */,
				7D1A2D56159B1A1A001EC2EF /* Resources */,
			);
			buildRules = (
			);
			dependencies = (
			);
			name = MyCalendar;
			productName = MyCalendar;
			productReference = 7D1A2D58159B1A1A001EC2EF /* MyCalendar.app */;
			productType = "com.apple.product-type.application";
		};
/* End PBXNativeTarget section */

/* Begin PBXProject section */
		7D1A2D4F159B1A1A001EC2EF /* Project object */ = {
			isa = PBXProject;
			attributes = {
				LastUpgradeCheck = 0430;
			};
			buildConfigurationList = 7D1A2D52159B1A1A001EC2EF /* Build configuration list for PBXProject "MyCalendar" */;
			compatibilityVersion = "Xcode 3.2";
			developmentRegion = English;
			hasScannedForEncodings = 0;
			knownRegions = (
				en,
			);
			mainGroup = 7D1A2D4D159B1A1A001EC2EF;
			productRefGroup = 7D1A2D59159B1A1A001EC2EF /* Products */;
			projectDirPath = "";
			projectRoot = "";
			targets = (
				7D1A2D57159B1A1A001EC2EF /* MyCalendar */,
			);
		};
/* End PBXProject section */

/* Begin PBXResourcesBuildPhase section */
		7D1A2D56159B1A1A001EC2EF /* Resources */ = {
			isa = PBXResourcesBuildPhase;
			buildActionMask = 2147483647;
			files = (
				7D1A2D67159B1A1A001EC2EF /* InfoPlist.strings in Resources */,
				7D1A2D70159B1A1B001EC2EF /* MainStoryboard.storyboard in Resources */,
			);
			runOnlyForDeploymentPostprocessing = 0;
		};
/* End PBXResourcesBuildPhase section */

/* Begin PBXSourcesBuildPhase section */
		7D1A2D54159B1A1A001EC2EF /* Sources */ = {
			isa = PBXSourcesBuildPhase;
			buildActionMask = 2147483647;
			files = (
				7D1A2D69159B1A1B001EC2EF /* main.m in Sources */,
				7D1A2D6D159B1A1B001EC2EF /* AppDelegate.m in Sources */,
				7D1A2D73159B1A1B001EC2EF /* ViewController.m in Sources */,
				7D1A2D7C159B2B02001EC2EF /* CalendarFunctions.m in Sources */,
			);
			runOnlyForDeploymentPostprocessing = 0;
		};
/* End PBXSourcesBuildPhase section */

/* Begin PBXVariantGroup section */
		7D1A2D65159B1A1A001EC2EF /* InfoPlist.strings */ = {
			isa = PBXVariantGroup;
			children = (
				7D1A2D66159B1A1A001EC2EF /* en */,
			);
			name = InfoPlist.strings;
			sourceTree = "<group>";
		};
		7D1A2D6E159B1A1B001EC2EF /* MainStoryboard.storyboard */ = {
			isa = PBXVariantGroup;
			children = (
				7D1A2D6F159B1A1B001EC2EF /* en */,
			);
			name = MainStoryboard.storyboard;
			sourceTree = "<group>";
		};
/* End PBXVariantGroup section */

/* Begin XCBuildConfiguration section */
		7D1A2D74159B1A1B001EC2EF /* Debug */ = {
			isa = XCBuildConfiguration;
			buildSettings = {
				ALWAYS_SEARCH_USER_PATHS = NO;
				ARCHS = "$(ARCHS_STANDARD_32_BIT)";
				CLANG_ENABLE_OBJC_ARC = YES;
				"CODE_SIGN_IDENTITY[sdk=iphoneos*]" = "iPhone Developer";
				COPY_PHASE_STRIP = NO;
				GCC_C_LANGUAGE_STANDARD = gnu99;
				GCC_DYNAMIC_NO_PIC = NO;
				GCC_OPTIMIZATION_LEVEL = 0;
				GCC_PREPROCESSOR_DEFINITIONS = (
					"DEBUG=1",
					"$(inherited)",
				);
				GCC_SYMBOLS_PRIVATE_EXTERN = NO;
				GCC_VERSION = com.apple.compilers.llvm.clang.1_0;
				GCC_WARN_ABOUT_RETURN_TYPE = YES;
				GCC_WARN_UNINITIALIZED_AUTOS = YES;
				GCC_WARN_UNUSED_VARIABLE = YES;
				IPHONEOS_DEPLOYMENT_TARGET = 5.1;
				SDKROOT = iphoneos;
				TARGETED_DEVICE_FAMILY = 2;
			};
			name = Debug;
		};
		7D1A2D75159B1A1B001EC2EF /* Release */ = {
			isa = XCBuildConfiguration;
			buildSettings = {
				ALWAYS_SEARCH_USER_PATHS = NO;
				ARCHS = "$(ARCHS_STANDARD_32_BIT)";
				CLANG_ENABLE_OBJC_ARC = YES;
				"CODE_SIGN_IDENTITY[sdk=iphoneos*]" = "iPhone Developer";
				COPY_PHASE_STRIP = YES;
				GCC_C_LANGUAGE_STANDARD = gnu99;
				GCC_VERSION = com.apple.compilers.llvm.clang.1_0;
				GCC_WARN_ABOUT_RETURN_TYPE = YES;
				GCC_WARN_UNINITIALIZED_AUTOS = YES;
				GCC_WARN_UNUSED_VARIABLE = YES;
				IPHONEOS_DEPLOYMENT_TARGET = 5.1;
				OTHER_CFLAGS = "-DNS_BLOCK_ASSERTIONS=1";
				SDKROOT = iphoneos;
				TARGETED_DEVICE_FAMILY = 2;
				VALIDATE_PRODUCT = YES;
			};
			name = Release;
		};
		7D1A2D77159B1A1B001EC2EF /* Debug */ = {
			isa = XCBuildConfiguration;
			buildSettings = {
				GCC_PRECOMPILE_PREFIX_HEADER = YES;
				GCC_PREFIX_HEADER = "MyCalendar/MyCalendar-Prefix.pch";
				INFOPLIST_FILE = "MyCalendar/MyCalendar-Info.plist";
				PRODUCT_NAME = "$(TARGET_NAME)";
				WRAPPER_EXTENSION = app;
			};
			name = Debug;
		};
		7D1A2D78159B1A1B001EC2EF /* Release */ = {
			isa = XCBuildConfiguration;
			buildSettings = {
				GCC_PRECOMPILE_PREFIX_HEADER = YES;
				GCC_PREFIX_HEADER = "MyCalendar/MyCalendar-Prefix.pch";
				INFOPLIST_FILE = "MyCalendar/MyCalendar-Info.plist";
				PRODUCT_NAME = "$(TARGET_NAME)";
				WRAPPER_EXTENSION = app;
			};
			name = Release;
		};
/* End XCBuildConfiguration section */

/* Begin XCConfigurationList section */
		7D1A2D52159B1A1A001EC2EF /* Build configuration list for PBXProject "MyCalendar" */ = {
			isa = XCConfigurationList;
			buildConfigurations = (
				7D1A2D74159B1A1B001EC2EF /* Debug */,
				7D1A2D75159B1A1B001EC2EF /* Release */,
			);
			defaultConfigurationIsVisible = 0;
			defaultConfigurationName = Release;
		};
		7D1A2D76159B1A1B001EC2EF /* Build configuration list for PBXNativeTarget "MyCalendar" */ = {
			isa = XCConfigurationList;
			buildConfigurations = (
				7D1A2D77159B1A1B001EC2EF /* Debug */,
				7D1A2D78159B1A1B001EC2EF /* Release */,
			);
			defaultConfigurationIsVisible = 0;
		};
/* End XCConfigurationList section */
	};
	rootObject = 7D1A2D4F159B1A1A001EC2EF /* Project object */;
}
